// !$*UTF8*$!
{
	archiveVersion = 1;
	classes = {
	};
	objectVersion = 50;
	objects = {

/* Begin PBXBuildFile section */
		500281312302497B006E4143 /* AppDelegate.swift in Sources */ = {isa = PBXBuildFile; fileRef = 500281302302497B006E4143 /* AppDelegate.swift */; };
		500281332302497B006E4143 /* ViewController.swift in Sources */ = {isa = PBXBuildFile; fileRef = 500281322302497B006E4143 /* ViewController.swift */; };
		500281362302497B006E4143 /* Main.storyboard in Resources */ = {isa = PBXBuildFile; fileRef = 500281342302497B006E4143 /* Main.storyboard */; };
		500281392302497B006E4143 /* balaiternak.xcdatamodeld in Sources */ = {isa = PBXBuildFile; fileRef = 500281372302497B006E4143 /* balaiternak.xcdatamodeld */; };
		5002813B2302497C006E4143 /* Assets.xcassets in Resources */ = {isa = PBXBuildFile; fileRef = 5002813A2302497C006E4143 /* Assets.xcassets */; };
		5002813E2302497C006E4143 /* LaunchScreen.storyboard in Resources */ = {isa = PBXBuildFile; fileRef = 5002813C2302497C006E4143 /* LaunchScreen.storyboard */; };
		500281492302497C006E4143 /* balaiternakTests.swift in Sources */ = {isa = PBXBuildFile; fileRef = 500281482302497C006E4143 /* balaiternakTests.swift */; };
/* End PBXBuildFile section */

/* Begin PBXContainerItemProxy section */
		500281452302497C006E4143 /* PBXContainerItemProxy */ = {
			isa = PBXContainerItemProxy;
			containerPortal = 500281252302497B006E4143 /* Project object */;
			proxyType = 1;
			remoteGlobalIDString = 5002812C2302497B006E4143;
			remoteInfo = balaiternak;
		};
/* End PBXContainerItemProxy section */

/* Begin PBXFileReference section */
		5002812D2302497B006E4143 /* balaiternak.app */ = {isa = PBXFileReference; explicitFileType = wrapper.application; includeInIndex = 0; path = balaiternak.app; sourceTree = BUILT_PRODUCTS_DIR; };
		500281302302497B006E4143 /* AppDelegate.swift */ = {isa = PBXFileReference; lastKnownFileType = sourcecode.swift; path = AppDelegate.swift; sourceTree = "<group>"; };
		500281322302497B006E4143 /* ViewController.swift */ = {isa = PBXFileReference; lastKnownFileType = sourcecode.swift; path = ViewController.swift; sourceTree = "<group>"; };
		500281352302497B006E4143 /* Base */ = {isa = PBXFileReference; lastKnownFileType = file.storyboard; name = Base; path = Base.lproj/Main.storyboard; sourceTree = "<group>"; };
		500281382302497B006E4143 /* balaiternak.xcdatamodel */ = {isa = PBXFileReference; lastKnownFileType = wrapper.xcdatamodel; path = balaiternak.xcdatamodel; sourceTree = "<group>"; };
		5002813A2302497C006E4143 /* Assets.xcassets */ = {isa = PBXFileReference; lastKnownFileType = folder.assetcatalog; path = Assets.xcassets; sourceTree = "<group>"; };
		5002813D2302497C006E4143 /* Base */ = {isa = PBXFileReference; lastKnownFileType = file.storyboard; name = Base; path = Base.lproj/LaunchScreen.storyboard; sourceTree = "<group>"; };
		5002813F2302497C006E4143 /* Info.plist */ = {isa = PBXFileReference; lastKnownFileType = text.plist.xml; path = Info.plist; sourceTree = "<group>"; };
		500281442302497C006E4143 /* balaiternakTests.xctest */ = {isa = PBXFileReference; explicitFileType = wrapper.cfbundle; includeInIndex = 0; path = balaiternakTests.xctest; sourceTree = BUILT_PRODUCTS_DIR; };
		500281482302497C006E4143 /* balaiternakTests.swift */ = {isa = PBXFileReference; lastKnownFileType = sourcecode.swift; path = balaiternakTests.swift; sourceTree = "<group>"; };
		5002814A2302497C006E4143 /* Info.plist */ = {isa = PBXFileReference; lastKnownFileType = text.plist.xml; path = Info.plist; sourceTree = "<group>"; };
/* End PBXFileReference section */

/* Begin PBXFrameworksBuildPhase section */
		5002812A2302497B006E4143 /* Frameworks */ = {
			isa = PBXFrameworksBuildPhase;
			buildActionMask = 2147483647;
			files = (
			);
			runOnlyForDeploymentPostprocessing = 0;
		};
		500281412302497C006E4143 /* Frameworks */ = {
			isa = PBXFrameworksBuildPhase;
			buildActionMask = 2147483647;
			files = (
			);
			runOnlyForDeploymentPostprocessing = 0;
		};
/* End PBXFrameworksBuildPhase section */

/* Begin PBXGroup section */
		500281242302497B006E4143 = {
			isa = PBXGroup;
			children = (
				5002812F2302497B006E4143 /* balaiternak */,
				500281472302497C006E4143 /* balaiternakTests */,
				5002812E2302497B006E4143 /* Products */,
			);
			sourceTree = "<group>";
		};
		5002812E2302497B006E4143 /* Products */ = {
			isa = PBXGroup;
			children = (
				5002812D2302497B006E4143 /* balaiternak.app */,
				500281442302497C006E4143 /* balaiternakTests.xctest */,
			);
			name = Products;
			sourceTree = "<group>";
		};
		5002812F2302497B006E4143 /* balaiternak */ = {
			isa = PBXGroup;
			children = (
				500281302302497B006E4143 /* AppDelegate.swift */,
				500281322302497B006E4143 /* ViewController.swift */,
				500281342302497B006E4143 /* Main.storyboard */,
				5002813A2302497C006E4143 /* Assets.xcassets */,
				5002813C2302497C006E4143 /* LaunchScreen.storyboard */,
				5002813F2302497C006E4143 /* Info.plist */,
				500281372302497B006E4143 /* balaiternak.xcdatamodeld */,
			);
			path = balaiternak;
			sourceTree = "<group>";
		};
		500281472302497C006E4143 /* balaiternakTests */ = {
			isa = PBXGroup;
			children = (
				500281482302497C006E4143 /* balaiternakTests.swift */,
				5002814A2302497C006E4143 /* Info.plist */,
			);
			path = balaiternakTests;
			sourceTree = "<group>";
		};
/* End PBXGroup section */

/* Begin PBXNativeTarget section */
		5002812C2302497B006E4143 /* balaiternak */ = {
			isa = PBXNativeTarget;
			buildConfigurationList = 5002814D2302497C006E4143 /* Build configuration list for PBXNativeTarget "balaiternak" */;
			buildPhases = (
				500281292302497B006E4143 /* Sources */,
				5002812A2302497B006E4143 /* Frameworks */,
				5002812B2302497B006E4143 /* Resources */,
			);
			buildRules = (
			);
			dependencies = (
			);
			name = balaiternak;
			productName = balaiternak;
			productReference = 5002812D2302497B006E4143 /* balaiternak.app */;
			productType = "com.apple.product-type.application";
		};
		500281432302497C006E4143 /* balaiternakTests */ = {
			isa = PBXNativeTarget;
			buildConfigurationList = 500281502302497C006E4143 /* Build configuration list for PBXNativeTarget "balaiternakTests" */;
			buildPhases = (
				500281402302497C006E4143 /* Sources */,
				500281412302497C006E4143 /* Frameworks */,
				500281422302497C006E4143 /* Resources */,
			);
			buildRules = (
			);
			dependencies = (
				500281462302497C006E4143 /* PBXTargetDependency */,
			);
			name = balaiternakTests;
			productName = balaiternakTests;
			productReference = 500281442302497C006E4143 /* balaiternakTests.xctest */;
			productType = "com.apple.product-type.bundle.unit-test";
		};
/* End PBXNativeTarget section */

/* Begin PBXProject section */
		500281252302497B006E4143 /* Project object */ = {
			isa = PBXProject;
			attributes = {
				LastSwiftUpdateCheck = 1030;
				LastUpgradeCheck = 1030;
				ORGANIZATIONNAME = "Kadek Juliana Parwanta";
				TargetAttributes = {
					5002812C2302497B006E4143 = {
						CreatedOnToolsVersion = 10.3;
					};
					500281432302497C006E4143 = {
						CreatedOnToolsVersion = 10.3;
						TestTargetID = 5002812C2302497B006E4143;
					};
				};
			};
			buildConfigurationList = 500281282302497B006E4143 /* Build configuration list for PBXProject "balaiternak" */;
			compatibilityVersion = "Xcode 9.3";
			developmentRegion = en;
			hasScannedForEncodings = 0;
			knownRegions = (
				en,
				Base,
			);
			mainGroup = 500281242302497B006E4143;
			productRefGroup = 5002812E2302497B006E4143 /* Products */;
			projectDirPath = "";
			projectRoot = "";
			targets = (
				5002812C2302497B006E4143 /* balaiternak */,
				500281432302497C006E4143 /* balaiternakTests */,
			);
		};
/* End PBXProject section */

/* Begin PBXResourcesBuildPhase section */
		5002812B2302497B006E4143 /* Resources */ = {
			isa = PBXResourcesBuildPhase;
			buildActionMask = 2147483647;
			files = (
				5002813E2302497C006E4143 /* LaunchScreen.storyboard in Resources */,
				5002813B2302497C006E4143 /* Assets.xcassets in Resources */,
				500281362302497B006E4143 /* Main.storyboard in Resources */,
			);
			runOnlyForDeploymentPostprocessing = 0;
		};
		500281422302497C006E4143 /* Resources */ = {
			isa = PBXResourcesBuildPhase;
			buildActionMask = 2147483647;
			files = (
			);
			runOnlyForDeploymentPostprocessing = 0;
		};
/* End PBXResourcesBuildPhase section */

/* Begin PBXSourcesBuildPhase section */
		500281292302497B006E4143 /* Sources */ = {
			isa = PBXSourcesBuildPhase;
			buildActionMask = 2147483647;
			files = (
				500281332302497B006E4143 /* ViewController.swift in Sources */,
				500281312302497B006E4143 /* AppDelegate.swift in Sources */,
				500281392302497B006E4143 /* balaiternak.xcdatamodeld in Sources */,
			);
			runOnlyForDeploymentPostprocessing = 0;
		};
		500281402302497C006E4143 /* Sources */ = {
			isa = PBXSourcesBuildPhase;
			buildActionMask = 2147483647;
			files = (
				500281492302497C006E4143 /* balaiternakTests.swift in Sources */,
			);
			runOnlyForDeploymentPostprocessing = 0;
		};
/* End PBXSourcesBuildPhase section */

/* Begin PBXTargetDependency section */
		500281462302497C006E4143 /* PBXTargetDependency */ = {
			isa = PBXTargetDependency;
			target = 5002812C2302497B006E4143 /* balaiternak */;
			targetProxy = 500281452302497C006E4143 /* PBXContainerItemProxy */;
		};
/* End PBXTargetDependency section */

/* Begin PBXVariantGroup section */
		500281342302497B006E4143 /* Main.storyboard */ = {
			isa = PBXVariantGroup;
			children = (
				500281352302497B006E4143 /* Base */,
			);
			name = Main.storyboard;
			sourceTree = "<group>";
		};
		5002813C2302497C006E4143 /* LaunchScreen.storyboard */ = {
			isa = PBXVariantGroup;
			children = (
				5002813D2302497C006E4143 /* Base */,
			);
			name = LaunchScreen.storyboard;
			sourceTree = "<group>";
		};
/* End PBXVariantGroup section */

/* Begin XCBuildConfiguration section */
		5002814B2302497C006E4143 /* Debug */ = {
			isa = XCBuildConfiguration;
			buildSettings = {
				ALWAYS_SEARCH_USER_PATHS = NO;
				CLANG_ANALYZER_NONNULL = YES;
				CLANG_ANALYZER_NUMBER_OBJECT_CONVERSION = YES_AGGRESSIVE;
				CLANG_CXX_LANGUAGE_STANDARD = "gnu++14";
				CLANG_CXX_LIBRARY = "libc++";
				CLANG_ENABLE_MODULES = YES;
				CLANG_ENABLE_OBJC_ARC = YES;
				CLANG_ENABLE_OBJC_WEAK = YES;
				CLANG_WARN_BLOCK_CAPTURE_AUTORELEASING = YES;
				CLANG_WARN_BOOL_CONVERSION = YES;
				CLANG_WARN_COMMA = YES;
				CLANG_WARN_CONSTANT_CONVERSION = YES;
				CLANG_WARN_DEPRECATED_OBJC_IMPLEMENTATIONS = YES;
				CLANG_WARN_DIRECT_OBJC_ISA_USAGE = YES_ERROR;
				CLANG_WARN_DOCUMENTATION_COMMENTS = YES;
				CLANG_WARN_EMPTY_BODY = YES;
				CLANG_WARN_ENUM_CONVERSION = YES;
				CLANG_WARN_INFINITE_RECURSION = YES;
				CLANG_WARN_INT_CONVERSION = YES;
				CLANG_WARN_NON_LITERAL_NULL_CONVERSION = YES;
				CLANG_WARN_OBJC_IMPLICIT_RETAIN_SELF = YES;
				CLANG_WARN_OBJC_LITERAL_CONVERSION = YES;
				CLANG_WARN_OBJC_ROOT_CLASS = YES_ERROR;
				CLANG_WARN_RANGE_LOOP_ANALYSIS = YES;
				CLANG_WARN_STRICT_PROTOTYPES = YES;
				CLANG_WARN_SUSPICIOUS_MOVE = YES;
				CLANG_WARN_UNGUARDED_AVAILABILITY = YES_AGGRESSIVE;
				CLANG_WARN_UNREACHABLE_CODE = YES;
				CLANG_WARN__DUPLICATE_METHOD_MATCH = YES;
				CODE_SIGN_IDENTITY = "iPhone Developer";
				COPY_PHASE_STRIP = NO;
				DEBUG_INFORMATION_FORMAT = dwarf;
				ENABLE_STRICT_OBJC_MSGSEND = YES;
				ENABLE_TESTABILITY = YES;
				GCC_C_LANGUAGE_STANDARD = gnu11;
				GCC_DYNAMIC_NO_PIC = NO;
				GCC_NO_COMMON_BLOCKS = YES;
				GCC_OPTIMIZATION_LEVEL = 0;
				GCC_PREPROCESSOR_DEFINITIONS = (
					"DEBUG=1",
					"$(inherited)",
				);
				GCC_WARN_64_TO_32_BIT_CONVERSION = YES;
				GCC_WARN_ABOUT_RETURN_TYPE = YES_ERROR;
				GCC_WARN_UNDECLARED_SELECTOR = YES;
				GCC_WARN_UNINITIALIZED_AUTOS = YES_AGGRESSIVE;
				GCC_WARN_UNUSED_FUNCTION = YES;
				GCC_WARN_UNUSED_VARIABLE = YES;
				IPHONEOS_DEPLOYMENT_TARGET = 12.4;
				MTL_ENABLE_DEBUG_INFO = INCLUDE_SOURCE;
				MTL_FAST_MATH = YES;
				ONLY_ACTIVE_ARCH = YES;
				SDKROOT = iphoneos;
				SWIFT_ACTIVE_COMPILATION_CONDITIONS = DEBUG;
				SWIFT_OPTIMIZATION_LEVEL = "-Onone";
			};
			name = Debug;
		};
		5002814C2302497C006E4143 /* Release */ = {
			isa = XCBuildConfiguration;
			buildSettings = {
				ALWAYS_SEARCH_USER_PATHS = NO;
				CLANG_ANALYZER_NONNULL = YES;
				CLANG_ANALYZER_NUMBER_OBJECT_CONVERSION = YES_AGGRESSIVE;
				CLANG_CXX_LANGUAGE_STANDARD = "gnu++14";
				CLANG_CXX_LIBRARY = "libc++";
				CLANG_ENABLE_MODULES = YES;
				CLANG_ENABLE_OBJC_ARC = YES;
				CLANG_ENABLE_OBJC_WEAK = YES;
				CLANG_WARN_BLOCK_CAPTURE_AUTORELEASING = YES;
				CLANG_WARN_BOOL_CONVERSION = YES;
				CLANG_WARN_COMMA = YES;
				CLANG_WARN_CONSTANT_CONVERSION = YES;
				CLANG_WARN_DEPRECATED_OBJC_IMPLEMENTATIONS = YES;
				CLANG_WARN_DIRECT_OBJC_ISA_USAGE = YES_ERROR;
				CLANG_WARN_DOCUMENTATION_COMMENTS = YES;
				CLANG_WARN_EMPTY_BODY = YES;
				CLANG_WARN_ENUM_CONVERSION = YES;
				CLANG_WARN_INFINITE_RECURSION = YES;
				CLANG_WARN_INT_CONVERSION = YES;
				CLANG_WARN_NON_LITERAL_NULL_CONVERSION = YES;
				CLANG_WARN_OBJC_IMPLICIT_RETAIN_SELF = YES;
				CLANG_WARN_OBJC_LITERAL_CONVERSION = YES;
				CLANG_WARN_OBJC_ROOT_CLASS = YES_ERROR;
				CLANG_WARN_RANGE_LOOP_ANALYSIS = YES;
				CLANG_WARN_STRICT_PROTOTYPES = YES;
				CLANG_WARN_SUSPICIOUS_MOVE = YES;
				CLANG_WARN_UNGUARDED_AVAILABILITY = YES_AGGRESSIVE;
				CLANG_WARN_UNREACHABLE_CODE = YES;
				CLANG_WARN__DUPLICATE_METHOD_MATCH = YES;
				CODE_SIGN_IDENTITY = "iPhone Developer";
				COPY_PHASE_STRIP = NO;
				DEBUG_INFORMATION_FORMAT = "dwarf-with-dsym";
				ENABLE_NS_ASSERTIONS = NO;
				ENABLE_STRICT_OBJC_MSGSEND = YES;
				GCC_C_LANGUAGE_STANDARD = gnu11;
				GCC_NO_COMMON_BLOCKS = YES;
				GCC_WARN_64_TO_32_BIT_CONVERSION = YES;
				GCC_WARN_ABOUT_RETURN_TYPE = YES_ERROR;
				GCC_WARN_UNDECLARED_SELECTOR = YES;
				GCC_WARN_UNINITIALIZED_AUTOS = YES_AGGRESSIVE;
				GCC_WARN_UNUSED_FUNCTION = YES;
				GCC_WARN_UNUSED_VARIABLE = YES;
				IPHONEOS_DEPLOYMENT_TARGET = 12.4;
				MTL_ENABLE_DEBUG_INFO = NO;
				MTL_FAST_MATH = YES;
				SDKROOT = iphoneos;
				SWIFT_COMPILATION_MODE = wholemodule;
				SWIFT_OPTIMIZATION_LEVEL = "-O";
				VALIDATE_PRODUCT = YES;
			};
			name = Release;
		};
		5002814E2302497C006E4143 /* Debug */ = {
			isa = XCBuildConfiguration;
			buildSettings = {
				ASSETCATALOG_COMPILER_APPICON_NAME = AppIcon;
				CODE_SIGN_STYLE = Automatic;
				DEVELOPMENT_TEAM = 9HK67NYE9A;
				INFOPLIST_FILE = balaiternak/Info.plist;
				LD_RUNPATH_SEARCH_PATHS = (
					"$(inherited)",
					"@executable_path/Frameworks",
				);
				PRODUCT_BUNDLE_IDENTIFIER = id.baznas.balaiternak;
				PRODUCT_NAME = "$(TARGET_NAME)";
				SWIFT_VERSION = 5.0;
				TARGETED_DEVICE_FAMILY = "1,2";
			};
			name = Debug;
		};
		5002814F2302497C006E4143 /* Release */ = {
			isa = XCBuildConfiguration;
			buildSettings = {
				ASSETCATALOG_COMPILER_APPICON_NAME = AppIcon;
				CODE_SIGN_STYLE = Automatic;
				DEVELOPMENT_TEAM = 9HK67NYE9A;
				INFOPLIST_FILE = balaiternak/Info.plist;
				LD_RUNPATH_SEARCH_PATHS = (
					"$(inherited)",
					"@executable_path/Frameworks",
				);
				PRODUCT_BUNDLE_IDENTIFIER = id.baznas.balaiternak;
				PRODUCT_NAME = "$(TARGET_NAME)";
				SWIFT_VERSION = 5.0;
				TARGETED_DEVICE_FAMILY = "1,2";
			};
			name = Release;
		};
		500281512302497C006E4143 /* Debug */ = {
			isa = XCBuildConfiguration;
			buildSettings = {
				ALWAYS_EMBED_SWIFT_STANDARD_LIBRARIES = YES;
				BUNDLE_LOADER = "$(TEST_HOST)";
				CODE_SIGN_STYLE = Automatic;
				DEVELOPMENT_TEAM = 9HK67NYE9A;
				INFOPLIST_FILE = balaiternakTests/Info.plist;
				LD_RUNPATH_SEARCH_PATHS = (
					"$(inherited)",
					"@executable_path/Frameworks",
					"@loader_path/Frameworks",
				);
				PRODUCT_BUNDLE_IDENTIFIER = id.baznas.balaiternakTests;
				PRODUCT_NAME = "$(TARGET_NAME)";
				SWIFT_VERSION = 5.0;
				TARGETED_DEVICE_FAMILY = "1,2";
				TEST_HOST = "$(BUILT_PRODUCTS_DIR)/balaiternak.app/balaiternak";
			};
			name = Debug;
		};
		500281522302497C006E4143 /* Release */ = {
			isa = XCBuildConfiguration;
			buildSettings = {
				ALWAYS_EMBED_SWIFT_STANDARD_LIBRARIES = YES;
				BUNDLE_LOADER = "$(TEST_HOST)";
				CODE_SIGN_STYLE = Automatic;
				DEVELOPMENT_TEAM = 9HK67NYE9A;
				INFOPLIST_FILE = balaiternakTests/Info.plist;
				LD_RUNPATH_SEARCH_PATHS = (
					"$(inherited)",
					"@executable_path/Frameworks",
					"@loader_path/Frameworks",
				);
				PRODUCT_BUNDLE_IDENTIFIER = id.baznas.balaiternakTests;
				PRODUCT_NAME = "$(TARGET_NAME)";
				SWIFT_VERSION = 5.0;
				TARGETED_DEVICE_FAMILY = "1,2";
				TEST_HOST = "$(BUILT_PRODUCTS_DIR)/balaiternak.app/balaiternak";
			};
			name = Release;
		};
/* End XCBuildConfiguration section */

/* Begin XCConfigurationList section */
		500281282302497B006E4143 /* Build configuration list for PBXProject "balaiternak" */ = {
			isa = XCConfigurationList;
			buildConfigurations = (
				5002814B2302497C006E4143 /* Debug */,
				5002814C2302497C006E4143 /* Release */,
			);
			defaultConfigurationIsVisible = 0;
			defaultConfigurationName = Release;
		};
		5002814D2302497C006E4143 /* Build configuration list for PBXNativeTarget "balaiternak" */ = {
			isa = XCConfigurationList;
			buildConfigurations = (
				5002814E2302497C006E4143 /* Debug */,
				5002814F2302497C006E4143 /* Release */,
			);
			defaultConfigurationIsVisible = 0;
			defaultConfigurationName = Release;
		};
		500281502302497C006E4143 /* Build configuration list for PBXNativeTarget "balaiternakTests" */ = {
			isa = XCConfigurationList;
			buildConfigurations = (
				500281512302497C006E4143 /* Debug */,
				500281522302497C006E4143 /* Release */,
			);
			defaultConfigurationIsVisible = 0;
			defaultConfigurationName = Release;
		};
/* End XCConfigurationList section */

/* Begin XCVersionGroup section */
		500281372302497B006E4143 /* balaiternak.xcdatamodeld */ = {
			isa = XCVersionGroup;
			children = (
				500281382302497B006E4143 /* balaiternak.xcdatamodel */,
			);
			currentVersion = 500281382302497B006E4143 /* balaiternak.xcdatamodel */;
			path = balaiternak.xcdatamodeld;
			sourceTree = "<group>";
			versionGroupType = wrapper.xcdatamodel;
		};
/* End XCVersionGroup section */
	};
	rootObject = 500281252302497B006E4143 /* Project object */;
}
